// !$*UTF8*$!
{
	archiveVersion = 1;
	classes = {
	};
	objectVersion = 50;
	objects = {

/* Begin PBXBuildFile section */
		2C30B648565E4063B688AAA6 /* amplifyconfiguration.json in Resources */ = {isa = PBXBuildFile; fileRef = A6C3C57902674C8286E3B751 /* amplifyconfiguration.json */; };
		484B6A7925489AE200174F4D /* MyAirQualityApp.swift in Sources */ = {isa = PBXBuildFile; fileRef = 484B6A7825489AE200174F4D /* MyAirQualityApp.swift */; };
		484B6A7B25489AE200174F4D /* ContentView.swift in Sources */ = {isa = PBXBuildFile; fileRef = 484B6A7A25489AE200174F4D /* ContentView.swift */; };
		484B6A7D25489AE200174F4D /* Assets.xcassets in Resources */ = {isa = PBXBuildFile; fileRef = 484B6A7C25489AE200174F4D /* Assets.xcassets */; };
		484B6A8025489AE200174F4D /* Preview Assets.xcassets in Resources */ = {isa = PBXBuildFile; fileRef = 484B6A7F25489AE200174F4D /* Preview Assets.xcassets */; };
		484B6A8B25489AE200174F4D /* MyAirQualityTests.swift in Sources */ = {isa = PBXBuildFile; fileRef = 484B6A8A25489AE200174F4D /* MyAirQualityTests.swift */; };
		484B6A9625489AE200174F4D /* MyAirQualityUITests.swift in Sources */ = {isa = PBXBuildFile; fileRef = 484B6A9525489AE200174F4D /* MyAirQualityUITests.swift */; };
		7C9870BD99E4030BE88CD036 /* Pods_MyAirQuality.framework in Frameworks */ = {isa = PBXBuildFile; fileRef = 10527157CB57E50FAEFAF0D8 /* Pods_MyAirQuality.framework */; };
		97CB27AF4BCF47EA8DC2F983 /* awsconfiguration.json in Resources */ = {isa = PBXBuildFile; fileRef = 86558A51D485475FBF533753 /* awsconfiguration.json */; };
		9BB7BEACB550470390A8C483 /* AmplifyModels.swift in Sources */ = {isa = PBXBuildFile; fileRef = 24C70E29ED83449ABC4AD69D /* AmplifyModels.swift */; };
		E1878210F5F64AC9A870C1AB /* Priority.swift in Sources */ = {isa = PBXBuildFile; fileRef = C2845D934A4A4CC5A1E99EE9 /* Priority.swift */; };
		CB31EE89DD744290990A570B /* Todo.swift in Sources */ = {isa = PBXBuildFile; fileRef = BCA3F58485DD431BADB6D7E6 /* Todo.swift */; };
		96226F34A98D4ED082ECFA52 /* Todo+Schema.swift in Sources */ = {isa = PBXBuildFile; fileRef = 3A8D9C0822204C91A1D717CB /* Todo+Schema.swift */; };
/* End PBXBuildFile section */

/* Begin PBXContainerItemProxy section */
		484B6A8725489AE200174F4D /* PBXContainerItemProxy */ = {
			isa = PBXContainerItemProxy;
			containerPortal = 484B6A6D25489AE200174F4D /* Project object */;
			proxyType = 1;
			remoteGlobalIDString = 484B6A7425489AE200174F4D;
			remoteInfo = MyAirQuality;
		};
		484B6A9225489AE200174F4D /* PBXContainerItemProxy */ = {
			isa = PBXContainerItemProxy;
			containerPortal = 484B6A6D25489AE200174F4D /* Project object */;
			proxyType = 1;
			remoteGlobalIDString = 484B6A7425489AE200174F4D;
			remoteInfo = MyAirQuality;
		};
/* End PBXContainerItemProxy section */

/* Begin PBXFileReference section */
		08AE798DFB294509A21867FD /* schema.graphql */ = {isa = PBXFileReference; explicitFileType = undefined; fileEncoding = 4; includeInIndex = 0; lastKnownFileType = text; name = schema.graphql; path = amplify/backend/api/amplifyDatasource/schema.graphql; sourceTree = "<group>"; };
		10527157CB57E50FAEFAF0D8 /* Pods_MyAirQuality.framework */ = {isa = PBXFileReference; explicitFileType = wrapper.framework; includeInIndex = 0; path = Pods_MyAirQuality.framework; sourceTree = BUILT_PRODUCTS_DIR; };
		484B6A7525489AE200174F4D /* MyAirQuality.app */ = {isa = PBXFileReference; explicitFileType = wrapper.application; includeInIndex = 0; path = MyAirQuality.app; sourceTree = BUILT_PRODUCTS_DIR; };
		484B6A7825489AE200174F4D /* MyAirQualityApp.swift */ = {isa = PBXFileReference; lastKnownFileType = sourcecode.swift; path = MyAirQualityApp.swift; sourceTree = "<group>"; };
		484B6A7A25489AE200174F4D /* ContentView.swift */ = {isa = PBXFileReference; lastKnownFileType = sourcecode.swift; path = ContentView.swift; sourceTree = "<group>"; };
		484B6A7C25489AE200174F4D /* Assets.xcassets */ = {isa = PBXFileReference; lastKnownFileType = folder.assetcatalog; path = Assets.xcassets; sourceTree = "<group>"; };
		484B6A7F25489AE200174F4D /* Preview Assets.xcassets */ = {isa = PBXFileReference; lastKnownFileType = folder.assetcatalog; path = "Preview Assets.xcassets"; sourceTree = "<group>"; };
		484B6A8125489AE200174F4D /* Info.plist */ = {isa = PBXFileReference; lastKnownFileType = text.plist.xml; path = Info.plist; sourceTree = "<group>"; };
		484B6A8625489AE200174F4D /* MyAirQualityTests.xctest */ = {isa = PBXFileReference; explicitFileType = wrapper.cfbundle; includeInIndex = 0; path = MyAirQualityTests.xctest; sourceTree = BUILT_PRODUCTS_DIR; };
		484B6A8A25489AE200174F4D /* MyAirQualityTests.swift */ = {isa = PBXFileReference; lastKnownFileType = sourcecode.swift; path = MyAirQualityTests.swift; sourceTree = "<group>"; };
		484B6A8C25489AE200174F4D /* Info.plist */ = {isa = PBXFileReference; lastKnownFileType = text.plist.xml; path = Info.plist; sourceTree = "<group>"; };
		484B6A9125489AE200174F4D /* MyAirQualityUITests.xctest */ = {isa = PBXFileReference; explicitFileType = wrapper.cfbundle; includeInIndex = 0; path = MyAirQualityUITests.xctest; sourceTree = BUILT_PRODUCTS_DIR; };
		484B6A9525489AE200174F4D /* MyAirQualityUITests.swift */ = {isa = PBXFileReference; lastKnownFileType = sourcecode.swift; path = MyAirQualityUITests.swift; sourceTree = "<group>"; };
		484B6A9725489AE200174F4D /* Info.plist */ = {isa = PBXFileReference; lastKnownFileType = text.plist.xml; path = Info.plist; sourceTree = "<group>"; };
		544D83848E0C41D795F9E906 /* amplifytools.xcconfig */ = {isa = PBXFileReference; explicitFileType = undefined; fileEncoding = 4; includeInIndex = 0; lastKnownFileType = text.xcconfig; name = amplifytools.xcconfig; path = amplifytools.xcconfig; sourceTree = "<group>"; };
		5A3C7FA482E7762C5347FAB6 /* Pods-MyAirQuality.debug.xcconfig */ = {isa = PBXFileReference; includeInIndex = 1; lastKnownFileType = text.xcconfig; name = "Pods-MyAirQuality.debug.xcconfig"; path = "Target Support Files/Pods-MyAirQuality/Pods-MyAirQuality.debug.xcconfig"; sourceTree = "<group>"; };
		86558A51D485475FBF533753 /* awsconfiguration.json */ = {isa = PBXFileReference; explicitFileType = undefined; fileEncoding = undefined; includeInIndex = 0; lastKnownFileType = unknown; name = awsconfiguration.json; path = awsconfiguration.json; sourceTree = "<group>"; };
		A6C3C57902674C8286E3B751 /* amplifyconfiguration.json */ = {isa = PBXFileReference; explicitFileType = undefined; fileEncoding = undefined; includeInIndex = 0; lastKnownFileType = unknown; name = amplifyconfiguration.json; path = amplifyconfiguration.json; sourceTree = "<group>"; };
		EDED3ADF18E27E46BBC9C00F /* Pods-MyAirQuality.release.xcconfig */ = {isa = PBXFileReference; includeInIndex = 1; lastKnownFileType = text.xcconfig; name = "Pods-MyAirQuality.release.xcconfig"; path = "Target Support Files/Pods-MyAirQuality/Pods-MyAirQuality.release.xcconfig"; sourceTree = "<group>"; };
		24C70E29ED83449ABC4AD69D /* AmplifyModels.swift */ = {isa = PBXFileReference; name = "AmplifyModels.swift"; path = "amplify/generated/models/AmplifyModels.swift"; sourceTree = "<group>"; fileEncoding = 4; lastKnownFileType = sourcecode.swift; explicitFileType = undefined; includeInIndex = 0; };
		C2845D934A4A4CC5A1E99EE9 /* Priority.swift */ = {isa = PBXFileReference; name = "Priority.swift"; path = "amplify/generated/models/Priority.swift"; sourceTree = "<group>"; fileEncoding = 4; lastKnownFileType = sourcecode.swift; explicitFileType = undefined; includeInIndex = 0; };
		BCA3F58485DD431BADB6D7E6 /* Todo.swift */ = {isa = PBXFileReference; name = "Todo.swift"; path = "amplify/generated/models/Todo.swift"; sourceTree = "<group>"; fileEncoding = 4; lastKnownFileType = sourcecode.swift; explicitFileType = undefined; includeInIndex = 0; };
		3A8D9C0822204C91A1D717CB /* Todo+Schema.swift */ = {isa = PBXFileReference; name = "Todo+Schema.swift"; path = "amplify/generated/models/Todo+Schema.swift"; sourceTree = "<group>"; fileEncoding = 4; lastKnownFileType = sourcecode.swift; explicitFileType = undefined; includeInIndex = 0; };
/* End PBXFileReference section */

/* Begin PBXFrameworksBuildPhase section */
		484B6A7225489AE200174F4D /* Frameworks */ = {
			isa = PBXFrameworksBuildPhase;
			buildActionMask = 2147483647;
			files = (
				7C9870BD99E4030BE88CD036 /* Pods_MyAirQuality.framework in Frameworks */,
			);
			runOnlyForDeploymentPostprocessing = 0;
		};
		484B6A8325489AE200174F4D /* Frameworks */ = {
			isa = PBXFrameworksBuildPhase;
			buildActionMask = 2147483647;
			files = (
			);
			runOnlyForDeploymentPostprocessing = 0;
		};
		484B6A8E25489AE200174F4D /* Frameworks */ = {
			isa = PBXFrameworksBuildPhase;
			buildActionMask = 2147483647;
			files = (
			);
			runOnlyForDeploymentPostprocessing = 0;
		};
/* End PBXFrameworksBuildPhase section */

/* Begin PBXGroup section */
		1422D93E3A4C4DDA96D55B3D /* AmplifyConfig */ = {
			isa = PBXGroup;
			children = (
				544D83848E0C41D795F9E906 /* amplifytools.xcconfig */,
				A6C3C57902674C8286E3B751 /* amplifyconfiguration.json */,
				86558A51D485475FBF533753 /* awsconfiguration.json */,
				08AE798DFB294509A21867FD /* schema.graphql */,
			);
			name = AmplifyConfig;
			path = .;
			sourceTree = "<group>";
		};
		2AE983F09329AEFC223D8095 /* Pods */ = {
			isa = PBXGroup;
			children = (
				5A3C7FA482E7762C5347FAB6 /* Pods-MyAirQuality.debug.xcconfig */,
				EDED3ADF18E27E46BBC9C00F /* Pods-MyAirQuality.release.xcconfig */,
			);
			name = Pods;
			path = Pods;
			sourceTree = "<group>";
		};
		484B6A6C25489AE200174F4D = {
			isa = PBXGroup;
			children = (
				C83942E14DC6415DBA176666 /* AmplifyModels */,
				1422D93E3A4C4DDA96D55B3D /* AmplifyConfig */,
				484B6A7725489AE200174F4D /* MyAirQuality */,
				484B6A8925489AE200174F4D /* MyAirQualityTests */,
				484B6A9425489AE200174F4D /* MyAirQualityUITests */,
				484B6A7625489AE200174F4D /* Products */,
				2AE983F09329AEFC223D8095 /* Pods */,
				7CB52C34C0E8A70EC070ABC3 /* Frameworks */,
			);
			sourceTree = "<group>";
		};
		484B6A7625489AE200174F4D /* Products */ = {
			isa = PBXGroup;
			children = (
				484B6A7525489AE200174F4D /* MyAirQuality.app */,
				484B6A8625489AE200174F4D /* MyAirQualityTests.xctest */,
				484B6A9125489AE200174F4D /* MyAirQualityUITests.xctest */,
			);
			name = Products;
			sourceTree = "<group>";
		};
		484B6A7725489AE200174F4D /* MyAirQuality */ = {
			isa = PBXGroup;
			children = (
				484B6A7825489AE200174F4D /* MyAirQualityApp.swift */,
				484B6A7A25489AE200174F4D /* ContentView.swift */,
				484B6A7C25489AE200174F4D /* Assets.xcassets */,
				484B6A8125489AE200174F4D /* Info.plist */,
				484B6A7E25489AE200174F4D /* Preview Content */,
			);
			path = MyAirQuality;
			sourceTree = "<group>";
		};
		484B6A7E25489AE200174F4D /* Preview Content */ = {
			isa = PBXGroup;
			children = (
				484B6A7F25489AE200174F4D /* Preview Assets.xcassets */,
			);
			path = "Preview Content";
			sourceTree = "<group>";
		};
		484B6A8925489AE200174F4D /* MyAirQualityTests */ = {
			isa = PBXGroup;
			children = (
				484B6A8A25489AE200174F4D /* MyAirQualityTests.swift */,
				484B6A8C25489AE200174F4D /* Info.plist */,
			);
			path = MyAirQualityTests;
			sourceTree = "<group>";
		};
		484B6A9425489AE200174F4D /* MyAirQualityUITests */ = {
			isa = PBXGroup;
			children = (
				484B6A9525489AE200174F4D /* MyAirQualityUITests.swift */,
				484B6A9725489AE200174F4D /* Info.plist */,
			);
			path = MyAirQualityUITests;
			sourceTree = "<group>";
		};
		7CB52C34C0E8A70EC070ABC3 /* Frameworks */ = {
			isa = PBXGroup;
			children = (
				10527157CB57E50FAEFAF0D8 /* Pods_MyAirQuality.framework */,
			);
			name = Frameworks;
			sourceTree = "<group>";
		};
		C83942E14DC6415DBA176666 /* AmplifyModels */ = {
			isa = PBXGroup;
			children = (
				24C70E29ED83449ABC4AD69D /* AmplifyModels.swift */,
				C2845D934A4A4CC5A1E99EE9 /* Priority.swift */,
				BCA3F58485DD431BADB6D7E6 /* Todo.swift */,
				3A8D9C0822204C91A1D717CB /* Todo+Schema.swift */,
			);
			name = AmplifyModels;
			path = .;
			sourceTree = "<group>";
		};
		4D7EEE0A0973472C9060E94C /* Resources */ = {
			isa = PBXGroup;
			children = (
			);
			name = Resources;
			path = undefined;
			sourceTree = "<group>";
		};
/* End PBXGroup section */

/* Begin PBXNativeTarget section */
		484B6A7425489AE200174F4D /* MyAirQuality */ = {
			isa = PBXNativeTarget;
			buildConfigurationList = 484B6A9A25489AE200174F4D /* Build configuration list for PBXNativeTarget "MyAirQuality" */;
			buildPhases = (
				FC0CE2BE877D4CFE6C648936 /* [CP] Check Pods Manifest.lock */,
				484B6A7125489AE200174F4D /* Sources */,
				484B6A7225489AE200174F4D /* Frameworks */,
				484B6A7325489AE200174F4D /* Resources */,
				FED48B840A51B14B1527E7A5 /* [CP] Embed Pods Frameworks */,
			);
			buildRules = (
			);
			dependencies = (
			);
			name = MyAirQuality;
			productName = MyAirQuality;
			productReference = 484B6A7525489AE200174F4D /* MyAirQuality.app */;
			productType = "com.apple.product-type.application";
		};
		484B6A8525489AE200174F4D /* MyAirQualityTests */ = {
			isa = PBXNativeTarget;
			buildConfigurationList = 484B6A9D25489AE200174F4D /* Build configuration list for PBXNativeTarget "MyAirQualityTests" */;
			buildPhases = (
				484B6A8225489AE200174F4D /* Sources */,
				484B6A8325489AE200174F4D /* Frameworks */,
				484B6A8425489AE200174F4D /* Resources */,
			);
			buildRules = (
			);
			dependencies = (
				484B6A8825489AE200174F4D /* PBXTargetDependency */,
			);
			name = MyAirQualityTests;
			productName = MyAirQualityTests;
			productReference = 484B6A8625489AE200174F4D /* MyAirQualityTests.xctest */;
			productType = "com.apple.product-type.bundle.unit-test";
		};
		484B6A9025489AE200174F4D /* MyAirQualityUITests */ = {
			isa = PBXNativeTarget;
			buildConfigurationList = 484B6AA025489AE200174F4D /* Build configuration list for PBXNativeTarget "MyAirQualityUITests" */;
			buildPhases = (
				484B6A8D25489AE200174F4D /* Sources */,
				484B6A8E25489AE200174F4D /* Frameworks */,
				484B6A8F25489AE200174F4D /* Resources */,
			);
			buildRules = (
			);
			dependencies = (
				484B6A9325489AE200174F4D /* PBXTargetDependency */,
			);
			name = MyAirQualityUITests;
			productName = MyAirQualityUITests;
			productReference = 484B6A9125489AE200174F4D /* MyAirQualityUITests.xctest */;
			productType = "com.apple.product-type.bundle.ui-testing";
		};
/* End PBXNativeTarget section */

/* Begin PBXProject section */
		484B6A6D25489AE200174F4D /* Project object */ = {
			isa = PBXProject;
			attributes = {
				LastSwiftUpdateCheck = 1210;
				LastUpgradeCheck = 1210;
				TargetAttributes = {
					484B6A7425489AE200174F4D = {
						CreatedOnToolsVersion = 12.1;
					};
					484B6A8525489AE200174F4D = {
						CreatedOnToolsVersion = 12.1;
						TestTargetID = 484B6A7425489AE200174F4D;
					};
					484B6A9025489AE200174F4D = {
						CreatedOnToolsVersion = 12.1;
						TestTargetID = 484B6A7425489AE200174F4D;
					};
				};
			};
			buildConfigurationList = 484B6A7025489AE200174F4D /* Build configuration list for PBXProject "MyAirQuality" */;
			compatibilityVersion = "Xcode 9.3";
			developmentRegion = en;
			hasScannedForEncodings = 0;
			knownRegions = (
				en,
				Base,
			);
			mainGroup = 484B6A6C25489AE200174F4D;
			productRefGroup = 484B6A7625489AE200174F4D /* Products */;
			projectDirPath = "";
			projectRoot = "";
			targets = (
				484B6A7425489AE200174F4D /* MyAirQuality */,
				484B6A8525489AE200174F4D /* MyAirQualityTests */,
				484B6A9025489AE200174F4D /* MyAirQualityUITests */,
			);
		};
/* End PBXProject section */

/* Begin PBXResourcesBuildPhase section */
		484B6A7325489AE200174F4D /* Resources */ = {
			isa = PBXResourcesBuildPhase;
			buildActionMask = 2147483647;
			files = (
				484B6A8025489AE200174F4D /* Preview Assets.xcassets in Resources */,
				484B6A7D25489AE200174F4D /* Assets.xcassets in Resources */,
				2C30B648565E4063B688AAA6 /* amplifyconfiguration.json in Resources */,
				97CB27AF4BCF47EA8DC2F983 /* awsconfiguration.json in Resources */,
			);
			runOnlyForDeploymentPostprocessing = 0;
		};
		484B6A8425489AE200174F4D /* Resources */ = {
			isa = PBXResourcesBuildPhase;
			buildActionMask = 2147483647;
			files = (
			);
			runOnlyForDeploymentPostprocessing = 0;
		};
		484B6A8F25489AE200174F4D /* Resources */ = {
			isa = PBXResourcesBuildPhase;
			buildActionMask = 2147483647;
			files = (
			);
			runOnlyForDeploymentPostprocessing = 0;
		};
/* End PBXResourcesBuildPhase section */

/* Begin PBXShellScriptBuildPhase section */
		FC0CE2BE877D4CFE6C648936 /* [CP] Check Pods Manifest.lock */ = {
			isa = PBXShellScriptBuildPhase;
			buildActionMask = 2147483647;
			files = (
			);
			inputFileListPaths = (
			);
			inputPaths = (
				"${PODS_PODFILE_DIR_PATH}/Podfile.lock",
				"${PODS_ROOT}/Manifest.lock",
			);
			name = "[CP] Check Pods Manifest.lock";
			outputFileListPaths = (
			);
			outputPaths = (
				"$(DERIVED_FILE_DIR)/Pods-MyAirQuality-checkManifestLockResult.txt",
			);
			runOnlyForDeploymentPostprocessing = 0;
			shellPath = /bin/sh;
			shellScript = "diff \"${PODS_PODFILE_DIR_PATH}/Podfile.lock\" \"${PODS_ROOT}/Manifest.lock\" > /dev/null\nif [ $? != 0 ] ; then\n    # print error to STDERR\n    echo \"error: The sandbox is not in sync with the Podfile.lock. Run 'pod install' or update your CocoaPods installation.\" >&2\n    exit 1\nfi\n# This output is used by Xcode 'outputs' to avoid re-running this script phase.\necho \"SUCCESS\" > \"${SCRIPT_OUTPUT_FILE_0}\"\n";
			showEnvVarsInLog = 0;
		};
		FED48B840A51B14B1527E7A5 /* [CP] Embed Pods Frameworks */ = {
			isa = PBXShellScriptBuildPhase;
			buildActionMask = 2147483647;
			files = (
			);
			inputFileListPaths = (
				"${PODS_ROOT}/Target Support Files/Pods-MyAirQuality/Pods-MyAirQuality-frameworks-${CONFIGURATION}-input-files.xcfilelist",
			);
			name = "[CP] Embed Pods Frameworks";
			outputFileListPaths = (
				"${PODS_ROOT}/Target Support Files/Pods-MyAirQuality/Pods-MyAirQuality-frameworks-${CONFIGURATION}-output-files.xcfilelist",
			);
			runOnlyForDeploymentPostprocessing = 0;
			shellPath = /bin/sh;
			shellScript = "\"${PODS_ROOT}/Target Support Files/Pods-MyAirQuality/Pods-MyAirQuality-frameworks.sh\"\n";
			showEnvVarsInLog = 0;
		};
/* End PBXShellScriptBuildPhase section */

/* Begin PBXSourcesBuildPhase section */
		484B6A7125489AE200174F4D /* Sources */ = {
			isa = PBXSourcesBuildPhase;
			buildActionMask = 2147483647;
			files = (
				484B6A7B25489AE200174F4D /* ContentView.swift in Sources */,
				484B6A7925489AE200174F4D /* MyAirQualityApp.swift in Sources */,
				9BB7BEACB550470390A8C483 /* AmplifyModels.swift in Sources */,
				E1878210F5F64AC9A870C1AB /* Priority.swift in Sources */,
				CB31EE89DD744290990A570B /* Todo.swift in Sources */,
				96226F34A98D4ED082ECFA52 /* Todo+Schema.swift in Sources */,
			);
			runOnlyForDeploymentPostprocessing = 0;
		};
		484B6A8225489AE200174F4D /* Sources */ = {
			isa = PBXSourcesBuildPhase;
			buildActionMask = 2147483647;
			files = (
				484B6A8B25489AE200174F4D /* MyAirQualityTests.swift in Sources */,
			);
			runOnlyForDeploymentPostprocessing = 0;
		};
		484B6A8D25489AE200174F4D /* Sources */ = {
			isa = PBXSourcesBuildPhase;
			buildActionMask = 2147483647;
			files = (
				484B6A9625489AE200174F4D /* MyAirQualityUITests.swift in Sources */,
			);
			runOnlyForDeploymentPostprocessing = 0;
		};
/* End PBXSourcesBuildPhase section */

/* Begin PBXTargetDependency section */
		484B6A8825489AE200174F4D /* PBXTargetDependency */ = {
			isa = PBXTargetDependency;
			target = 484B6A7425489AE200174F4D /* MyAirQuality */;
			targetProxy = 484B6A8725489AE200174F4D /* PBXContainerItemProxy */;
		};
		484B6A9325489AE200174F4D /* PBXTargetDependency */ = {
			isa = PBXTargetDependency;
			target = 484B6A7425489AE200174F4D /* MyAirQuality */;
			targetProxy = 484B6A9225489AE200174F4D /* PBXContainerItemProxy */;
		};
/* End PBXTargetDependency section */

/* Begin XCBuildConfiguration section */
		484B6A9825489AE200174F4D /* Debug */ = {
			isa = XCBuildConfiguration;
			buildSettings = {
				ALWAYS_SEARCH_USER_PATHS = NO;
				CLANG_ANALYZER_NONNULL = YES;
				CLANG_ANALYZER_NUMBER_OBJECT_CONVERSION = YES_AGGRESSIVE;
				CLANG_CXX_LANGUAGE_STANDARD = "gnu++14";
				CLANG_CXX_LIBRARY = "libc++";
				CLANG_ENABLE_MODULES = YES;
				CLANG_ENABLE_OBJC_ARC = YES;
				CLANG_ENABLE_OBJC_WEAK = YES;
				CLANG_WARN_BLOCK_CAPTURE_AUTORELEASING = YES;
				CLANG_WARN_BOOL_CONVERSION = YES;
				CLANG_WARN_COMMA = YES;
				CLANG_WARN_CONSTANT_CONVERSION = YES;
				CLANG_WARN_DEPRECATED_OBJC_IMPLEMENTATIONS = YES;
				CLANG_WARN_DIRECT_OBJC_ISA_USAGE = YES_ERROR;
				CLANG_WARN_DOCUMENTATION_COMMENTS = YES;
				CLANG_WARN_EMPTY_BODY = YES;
				CLANG_WARN_ENUM_CONVERSION = YES;
				CLANG_WARN_INFINITE_RECURSION = YES;
				CLANG_WARN_INT_CONVERSION = YES;
				CLANG_WARN_NON_LITERAL_NULL_CONVERSION = YES;
				CLANG_WARN_OBJC_IMPLICIT_RETAIN_SELF = YES;
				CLANG_WARN_OBJC_LITERAL_CONVERSION = YES;
				CLANG_WARN_OBJC_ROOT_CLASS = YES_ERROR;
				CLANG_WARN_QUOTED_INCLUDE_IN_FRAMEWORK_HEADER = YES;
				CLANG_WARN_RANGE_LOOP_ANALYSIS = YES;
				CLANG_WARN_STRICT_PROTOTYPES = YES;
				CLANG_WARN_SUSPICIOUS_MOVE = YES;
				CLANG_WARN_UNGUARDED_AVAILABILITY = YES_AGGRESSIVE;
				CLANG_WARN_UNREACHABLE_CODE = YES;
				CLANG_WARN__DUPLICATE_METHOD_MATCH = YES;
				COPY_PHASE_STRIP = NO;
				DEBUG_INFORMATION_FORMAT = dwarf;
				ENABLE_STRICT_OBJC_MSGSEND = YES;
				ENABLE_TESTABILITY = YES;
				GCC_C_LANGUAGE_STANDARD = gnu11;
				GCC_DYNAMIC_NO_PIC = NO;
				GCC_NO_COMMON_BLOCKS = YES;
				GCC_OPTIMIZATION_LEVEL = 0;
				GCC_PREPROCESSOR_DEFINITIONS = (
					"DEBUG=1",
					"$(inherited)",
				);
				GCC_WARN_64_TO_32_BIT_CONVERSION = YES;
				GCC_WARN_ABOUT_RETURN_TYPE = YES_ERROR;
				GCC_WARN_UNDECLARED_SELECTOR = YES;
				GCC_WARN_UNINITIALIZED_AUTOS = YES_AGGRESSIVE;
				GCC_WARN_UNUSED_FUNCTION = YES;
				GCC_WARN_UNUSED_VARIABLE = YES;
				IPHONEOS_DEPLOYMENT_TARGET = 14.1;
				MTL_ENABLE_DEBUG_INFO = INCLUDE_SOURCE;
				MTL_FAST_MATH = YES;
				ONLY_ACTIVE_ARCH = YES;
				SDKROOT = iphoneos;
				SWIFT_ACTIVE_COMPILATION_CONDITIONS = DEBUG;
				SWIFT_OPTIMIZATION_LEVEL = "-Onone";
			};
			name = Debug;
		};
		484B6A9925489AE200174F4D /* Release */ = {
			isa = XCBuildConfiguration;
			buildSettings = {
				ALWAYS_SEARCH_USER_PATHS = NO;
				CLANG_ANALYZER_NONNULL = YES;
				CLANG_ANALYZER_NUMBER_OBJECT_CONVERSION = YES_AGGRESSIVE;
				CLANG_CXX_LANGUAGE_STANDARD = "gnu++14";
				CLANG_CXX_LIBRARY = "libc++";
				CLANG_ENABLE_MODULES = YES;
				CLANG_ENABLE_OBJC_ARC = YES;
				CLANG_ENABLE_OBJC_WEAK = YES;
				CLANG_WARN_BLOCK_CAPTURE_AUTORELEASING = YES;
				CLANG_WARN_BOOL_CONVERSION = YES;
				CLANG_WARN_COMMA = YES;
				CLANG_WARN_CONSTANT_CONVERSION = YES;
				CLANG_WARN_DEPRECATED_OBJC_IMPLEMENTATIONS = YES;
				CLANG_WARN_DIRECT_OBJC_ISA_USAGE = YES_ERROR;
				CLANG_WARN_DOCUMENTATION_COMMENTS = YES;
				CLANG_WARN_EMPTY_BODY = YES;
				CLANG_WARN_ENUM_CONVERSION = YES;
				CLANG_WARN_INFINITE_RECURSION = YES;
				CLANG_WARN_INT_CONVERSION = YES;
				CLANG_WARN_NON_LITERAL_NULL_CONVERSION = YES;
				CLANG_WARN_OBJC_IMPLICIT_RETAIN_SELF = YES;
				CLANG_WARN_OBJC_LITERAL_CONVERSION = YES;
				CLANG_WARN_OBJC_ROOT_CLASS = YES_ERROR;
				CLANG_WARN_QUOTED_INCLUDE_IN_FRAMEWORK_HEADER = YES;
				CLANG_WARN_RANGE_LOOP_ANALYSIS = YES;
				CLANG_WARN_STRICT_PROTOTYPES = YES;
				CLANG_WARN_SUSPICIOUS_MOVE = YES;
				CLANG_WARN_UNGUARDED_AVAILABILITY = YES_AGGRESSIVE;
				CLANG_WARN_UNREACHABLE_CODE = YES;
				CLANG_WARN__DUPLICATE_METHOD_MATCH = YES;
				COPY_PHASE_STRIP = NO;
				DEBUG_INFORMATION_FORMAT = "dwarf-with-dsym";
				ENABLE_NS_ASSERTIONS = NO;
				ENABLE_STRICT_OBJC_MSGSEND = YES;
				GCC_C_LANGUAGE_STANDARD = gnu11;
				GCC_NO_COMMON_BLOCKS = YES;
				GCC_WARN_64_TO_32_BIT_CONVERSION = YES;
				GCC_WARN_ABOUT_RETURN_TYPE = YES_ERROR;
				GCC_WARN_UNDECLARED_SELECTOR = YES;
				GCC_WARN_UNINITIALIZED_AUTOS = YES_AGGRESSIVE;
				GCC_WARN_UNUSED_FUNCTION = YES;
				GCC_WARN_UNUSED_VARIABLE = YES;
				IPHONEOS_DEPLOYMENT_TARGET = 14.1;
				MTL_ENABLE_DEBUG_INFO = NO;
				MTL_FAST_MATH = YES;
				SDKROOT = iphoneos;
				SWIFT_COMPILATION_MODE = wholemodule;
				SWIFT_OPTIMIZATION_LEVEL = "-O";
				VALIDATE_PRODUCT = YES;
			};
			name = Release;
		};
		484B6A9B25489AE200174F4D /* Debug */ = {
			isa = XCBuildConfiguration;
			baseConfigurationReference = 5A3C7FA482E7762C5347FAB6 /* Pods-MyAirQuality.debug.xcconfig */;
			buildSettings = {
				ASSETCATALOG_COMPILER_APPICON_NAME = AppIcon;
				ASSETCATALOG_COMPILER_GLOBAL_ACCENT_COLOR_NAME = AccentColor;
				CODE_SIGN_STYLE = Automatic;
				DEVELOPMENT_ASSET_PATHS = "\"MyAirQuality/Preview Content\"";
				DEVELOPMENT_TEAM = 542B5646HG;
				ENABLE_PREVIEWS = YES;
				INFOPLIST_FILE = MyAirQuality/Info.plist;
				IPHONEOS_DEPLOYMENT_TARGET = 14.0;
				LD_RUNPATH_SEARCH_PATHS = (
					"$(inherited)",
					"@executable_path/Frameworks",
				);
				PRODUCT_BUNDLE_IDENTIFIER = app.bennettsmith.MyAirQuality;
				PRODUCT_NAME = "$(TARGET_NAME)";
				SWIFT_VERSION = 5.0;
				TARGETED_DEVICE_FAMILY = "1,2";
			};
			name = Debug;
		};
		484B6A9C25489AE200174F4D /* Release */ = {
			isa = XCBuildConfiguration;
			baseConfigurationReference = EDED3ADF18E27E46BBC9C00F /* Pods-MyAirQuality.release.xcconfig */;
			buildSettings = {
				ASSETCATALOG_COMPILER_APPICON_NAME = AppIcon;
				ASSETCATALOG_COMPILER_GLOBAL_ACCENT_COLOR_NAME = AccentColor;
				CODE_SIGN_STYLE = Automatic;
				DEVELOPMENT_ASSET_PATHS = "\"MyAirQuality/Preview Content\"";
				DEVELOPMENT_TEAM = 542B5646HG;
				ENABLE_PREVIEWS = YES;
				INFOPLIST_FILE = MyAirQuality/Info.plist;
				IPHONEOS_DEPLOYMENT_TARGET = 14.0;
				LD_RUNPATH_SEARCH_PATHS = (
					"$(inherited)",
					"@executable_path/Frameworks",
				);
				PRODUCT_BUNDLE_IDENTIFIER = app.bennettsmith.MyAirQuality;
				PRODUCT_NAME = "$(TARGET_NAME)";
				SWIFT_VERSION = 5.0;
				TARGETED_DEVICE_FAMILY = "1,2";
			};
			name = Release;
		};
		484B6A9E25489AE200174F4D /* Debug */ = {
			isa = XCBuildConfiguration;
			buildSettings = {
				ALWAYS_EMBED_SWIFT_STANDARD_LIBRARIES = YES;
				BUNDLE_LOADER = "$(TEST_HOST)";
				CODE_SIGN_STYLE = Automatic;
				DEVELOPMENT_TEAM = 542B5646HG;
				INFOPLIST_FILE = MyAirQualityTests/Info.plist;
				IPHONEOS_DEPLOYMENT_TARGET = 14.0;
				LD_RUNPATH_SEARCH_PATHS = (
					"$(inherited)",
					"@executable_path/Frameworks",
					"@loader_path/Frameworks",
				);
				PRODUCT_BUNDLE_IDENTIFIER = app.bennettsmith.MyAirQualityTests;
				PRODUCT_NAME = "$(TARGET_NAME)";
				SWIFT_VERSION = 5.0;
				TARGETED_DEVICE_FAMILY = "1,2";
				TEST_HOST = "$(BUILT_PRODUCTS_DIR)/MyAirQuality.app/MyAirQuality";
			};
			name = Debug;
		};
		484B6A9F25489AE200174F4D /* Release */ = {
			isa = XCBuildConfiguration;
			buildSettings = {
				ALWAYS_EMBED_SWIFT_STANDARD_LIBRARIES = YES;
				BUNDLE_LOADER = "$(TEST_HOST)";
				CODE_SIGN_STYLE = Automatic;
				DEVELOPMENT_TEAM = 542B5646HG;
				INFOPLIST_FILE = MyAirQualityTests/Info.plist;
				IPHONEOS_DEPLOYMENT_TARGET = 14.0;
				LD_RUNPATH_SEARCH_PATHS = (
					"$(inherited)",
					"@executable_path/Frameworks",
					"@loader_path/Frameworks",
				);
				PRODUCT_BUNDLE_IDENTIFIER = app.bennettsmith.MyAirQualityTests;
				PRODUCT_NAME = "$(TARGET_NAME)";
				SWIFT_VERSION = 5.0;
				TARGETED_DEVICE_FAMILY = "1,2";
				TEST_HOST = "$(BUILT_PRODUCTS_DIR)/MyAirQuality.app/MyAirQuality";
			};
			name = Release;
		};
		484B6AA125489AE200174F4D /* Debug */ = {
			isa = XCBuildConfiguration;
			buildSettings = {
				ALWAYS_EMBED_SWIFT_STANDARD_LIBRARIES = YES;
				CODE_SIGN_STYLE = Automatic;
				DEVELOPMENT_TEAM = 542B5646HG;
				INFOPLIST_FILE = MyAirQualityUITests/Info.plist;
				LD_RUNPATH_SEARCH_PATHS = (
					"$(inherited)",
					"@executable_path/Frameworks",
					"@loader_path/Frameworks",
				);
				PRODUCT_BUNDLE_IDENTIFIER = app.bennettsmith.MyAirQualityUITests;
				PRODUCT_NAME = "$(TARGET_NAME)";
				SWIFT_VERSION = 5.0;
				TARGETED_DEVICE_FAMILY = "1,2";
				TEST_TARGET_NAME = MyAirQuality;
			};
			name = Debug;
		};
		484B6AA225489AE200174F4D /* Release */ = {
			isa = XCBuildConfiguration;
			buildSettings = {
				ALWAYS_EMBED_SWIFT_STANDARD_LIBRARIES = YES;
				CODE_SIGN_STYLE = Automatic;
				DEVELOPMENT_TEAM = 542B5646HG;
				INFOPLIST_FILE = MyAirQualityUITests/Info.plist;
				LD_RUNPATH_SEARCH_PATHS = (
					"$(inherited)",
					"@executable_path/Frameworks",
					"@loader_path/Frameworks",
				);
				PRODUCT_BUNDLE_IDENTIFIER = app.bennettsmith.MyAirQualityUITests;
				PRODUCT_NAME = "$(TARGET_NAME)";
				SWIFT_VERSION = 5.0;
				TARGETED_DEVICE_FAMILY = "1,2";
				TEST_TARGET_NAME = MyAirQuality;
			};
			name = Release;
		};
/* End XCBuildConfiguration section */

/* Begin XCConfigurationList section */
		484B6A7025489AE200174F4D /* Build configuration list for PBXProject "MyAirQuality" */ = {
			isa = XCConfigurationList;
			buildConfigurations = (
				484B6A9825489AE200174F4D /* Debug */,
				484B6A9925489AE200174F4D /* Release */,
			);
			defaultConfigurationIsVisible = 0;
			defaultConfigurationName = Release;
		};
		484B6A9A25489AE200174F4D /* Build configuration list for PBXNativeTarget "MyAirQuality" */ = {
			isa = XCConfigurationList;
			buildConfigurations = (
				484B6A9B25489AE200174F4D /* Debug */,
				484B6A9C25489AE200174F4D /* Release */,
			);
			defaultConfigurationIsVisible = 0;
			defaultConfigurationName = Release;
		};
		484B6A9D25489AE200174F4D /* Build configuration list for PBXNativeTarget "MyAirQualityTests" */ = {
			isa = XCConfigurationList;
			buildConfigurations = (
				484B6A9E25489AE200174F4D /* Debug */,
				484B6A9F25489AE200174F4D /* Release */,
			);
			defaultConfigurationIsVisible = 0;
			defaultConfigurationName = Release;
		};
		484B6AA025489AE200174F4D /* Build configuration list for PBXNativeTarget "MyAirQualityUITests" */ = {
			isa = XCConfigurationList;
			buildConfigurations = (
				484B6AA125489AE200174F4D /* Debug */,
				484B6AA225489AE200174F4D /* Release */,
			);
			defaultConfigurationIsVisible = 0;
			defaultConfigurationName = Release;
		};
/* End XCConfigurationList section */
	};
	rootObject = 484B6A6D25489AE200174F4D /* Project object */;
}
