// !$*UTF8*$!
{
	archiveVersion = 1;
	classes = {
	};
	objectVersion = 50;
	objects = {

/* Begin PBXBuildFile section */
		484B6A7925489AE200174F4D /* MyAirQualityApp.swift in Sources */ = {isa = PBXBuildFile; fileRef = 484B6A7825489AE200174F4D /* MyAirQualityApp.swift */; };
		484B6A7B25489AE200174F4D /* ContentView.swift in Sources */ = {isa = PBXBuildFile; fileRef = 484B6A7A25489AE200174F4D /* ContentView.swift */; };
		484B6A7D25489AE200174F4D /* Assets.xcassets in Resources */ = {isa = PBXBuildFile; fileRef = 484B6A7C25489AE200174F4D /* Assets.xcassets */; };
		484B6A8025489AE200174F4D /* Preview Assets.xcassets in Resources */ = {isa = PBXBuildFile; fileRef = 484B6A7F25489AE200174F4D /* Preview Assets.xcassets */; };
		484B6A8B25489AE200174F4D /* MyAirQualityTests.swift in Sources */ = {isa = PBXBuildFile; fileRef = 484B6A8A25489AE200174F4D /* MyAirQualityTests.swift */; };
		484B6A9625489AE200174F4D /* MyAirQualityUITests.swift in Sources */ = {isa = PBXBuildFile; fileRef = 484B6A9525489AE200174F4D /* MyAirQualityUITests.swift */; };
/* End PBXBuildFile section */

/* Begin PBXContainerItemProxy section */
		484B6A8725489AE200174F4D /* PBXContainerItemProxy */ = {
			isa = PBXContainerItemProxy;
			containerPortal = 484B6A6D25489AE200174F4D /* Project object */;
			proxyType = 1;
			remoteGlobalIDString = 484B6A7425489AE200174F4D;
			remoteInfo = MyAirQuality;
		};
		484B6A9225489AE200174F4D /* PBXContainerItemProxy */ = {
			isa = PBXContainerItemProxy;
			containerPortal = 484B6A6D25489AE200174F4D /* Project object */;
			proxyType = 1;
			remoteGlobalIDString = 484B6A7425489AE200174F4D;
			remoteInfo = MyAirQuality;
		};
/* End PBXContainerItemProxy section */

/* Begin PBXFileReference section */
		484B6A7525489AE200174F4D /* MyAirQuality.app */ = {isa = PBXFileReference; explicitFileType = wrapper.application; includeInIndex = 0; path = MyAirQuality.app; sourceTree = BUILT_PRODUCTS_DIR; };
		484B6A7825489AE200174F4D /* MyAirQualityApp.swift */ = {isa = PBXFileReference; lastKnownFileType = sourcecode.swift; path = MyAirQualityApp.swift; sourceTree = "<group>"; };
		484B6A7A25489AE200174F4D /* ContentView.swift */ = {isa = PBXFileReference; lastKnownFileType = sourcecode.swift; path = ContentView.swift; sourceTree = "<group>"; };
		484B6A7C25489AE200174F4D /* Assets.xcassets */ = {isa = PBXFileReference; lastKnownFileType = folder.assetcatalog; path = Assets.xcassets; sourceTree = "<group>"; };
		484B6A7F25489AE200174F4D /* Preview Assets.xcassets */ = {isa = PBXFileReference; lastKnownFileType = folder.assetcatalog; path = "Preview Assets.xcassets"; sourceTree = "<group>"; };
		484B6A8125489AE200174F4D /* Info.plist */ = {isa = PBXFileReference; lastKnownFileType = text.plist.xml; path = Info.plist; sourceTree = "<group>"; };
		484B6A8625489AE200174F4D /* MyAirQualityTests.xctest */ = {isa = PBXFileReference; explicitFileType = wrapper.cfbundle; includeInIndex = 0; path = MyAirQualityTests.xctest; sourceTree = BUILT_PRODUCTS_DIR; };
		484B6A8A25489AE200174F4D /* MyAirQualityTests.swift */ = {isa = PBXFileReference; lastKnownFileType = sourcecode.swift; path = MyAirQualityTests.swift; sourceTree = "<group>"; };
		484B6A8C25489AE200174F4D /* Info.plist */ = {isa = PBXFileReference; lastKnownFileType = text.plist.xml; path = Info.plist; sourceTree = "<group>"; };
		484B6A9125489AE200174F4D /* MyAirQualityUITests.xctest */ = {isa = PBXFileReference; explicitFileType = wrapper.cfbundle; includeInIndex = 0; path = MyAirQualityUITests.xctest; sourceTree = BUILT_PRODUCTS_DIR; };
		484B6A9525489AE200174F4D /* MyAirQualityUITests.swift */ = {isa = PBXFileReference; lastKnownFileType = sourcecode.swift; path = MyAirQualityUITests.swift; sourceTree = "<group>"; };
		484B6A9725489AE200174F4D /* Info.plist */ = {isa = PBXFileReference; lastKnownFileType = text.plist.xml; path = Info.plist; sourceTree = "<group>"; };
/* End PBXFileReference section */

/* Begin PBXFrameworksBuildPhase section */
		484B6A7225489AE200174F4D /* Frameworks */ = {
			isa = PBXFrameworksBuildPhase;
			buildActionMask = 2147483647;
			files = (
			);
			runOnlyForDeploymentPostprocessing = 0;
		};
		484B6A8325489AE200174F4D /* Frameworks */ = {
			isa = PBXFrameworksBuildPhase;
			buildActionMask = 2147483647;
			files = (
			);
			runOnlyForDeploymentPostprocessing = 0;
		};
		484B6A8E25489AE200174F4D /* Frameworks */ = {
			isa = PBXFrameworksBuildPhase;
			buildActionMask = 2147483647;
			files = (
			);
			runOnlyForDeploymentPostprocessing = 0;
		};
/* End PBXFrameworksBuildPhase section */

/* Begin PBXGroup section */
		484B6A6C25489AE200174F4D = {
			isa = PBXGroup;
			children = (
				484B6A7725489AE200174F4D /* MyAirQuality */,
				484B6A8925489AE200174F4D /* MyAirQualityTests */,
				484B6A9425489AE200174F4D /* MyAirQualityUITests */,
				484B6A7625489AE200174F4D /* Products */,
			);
			sourceTree = "<group>";
		};
		484B6A7625489AE200174F4D /* Products */ = {
			isa = PBXGroup;
			children = (
				484B6A7525489AE200174F4D /* MyAirQuality.app */,
				484B6A8625489AE200174F4D /* MyAirQualityTests.xctest */,
				484B6A9125489AE200174F4D /* MyAirQualityUITests.xctest */,
			);
			name = Products;
			sourceTree = "<group>";
		};
		484B6A7725489AE200174F4D /* MyAirQuality */ = {
			isa = PBXGroup;
			children = (
				484B6A7825489AE200174F4D /* MyAirQualityApp.swift */,
				484B6A7A25489AE200174F4D /* ContentView.swift */,
				484B6A7C25489AE200174F4D /* Assets.xcassets */,
				484B6A8125489AE200174F4D /* Info.plist */,
				484B6A7E25489AE200174F4D /* Preview Content */,
			);
			path = MyAirQuality;
			sourceTree = "<group>";
		};
		484B6A7E25489AE200174F4D /* Preview Content */ = {
			isa = PBXGroup;
			children = (
				484B6A7F25489AE200174F4D /* Preview Assets.xcassets */,
			);
			path = "Preview Content";
			sourceTree = "<group>";
		};
		484B6A8925489AE200174F4D /* MyAirQualityTests */ = {
			isa = PBXGroup;
			children = (
				484B6A8A25489AE200174F4D /* MyAirQualityTests.swift */,
				484B6A8C25489AE200174F4D /* Info.plist */,
			);
			path = MyAirQualityTests;
			sourceTree = "<group>";
		};
		484B6A9425489AE200174F4D /* MyAirQualityUITests */ = {
			isa = PBXGroup;
			children = (
				484B6A9525489AE200174F4D /* MyAirQualityUITests.swift */,
				484B6A9725489AE200174F4D /* Info.plist */,
			);
			path = MyAirQualityUITests;
			sourceTree = "<group>";
		};
/* End PBXGroup section */

/* Begin PBXNativeTarget section */
		484B6A7425489AE200174F4D /* MyAirQuality */ = {
			isa = PBXNativeTarget;
			buildConfigurationList = 484B6A9A25489AE200174F4D /* Build configuration list for PBXNativeTarget "MyAirQuality" */;
			buildPhases = (
				484B6A7125489AE200174F4D /* Sources */,
				484B6A7225489AE200174F4D /* Frameworks */,
				484B6A7325489AE200174F4D /* Resources */,
			);
			buildRules = (
			);
			dependencies = (
			);
			name = MyAirQuality;
			productName = MyAirQuality;
			productReference = 484B6A7525489AE200174F4D /* MyAirQuality.app */;
			productType = "com.apple.product-type.application";
		};
		484B6A8525489AE200174F4D /* MyAirQualityTests */ = {
			isa = PBXNativeTarget;
			buildConfigurationList = 484B6A9D25489AE200174F4D /* Build configuration list for PBXNativeTarget "MyAirQualityTests" */;
			buildPhases = (
				484B6A8225489AE200174F4D /* Sources */,
				484B6A8325489AE200174F4D /* Frameworks */,
				484B6A8425489AE200174F4D /* Resources */,
			);
			buildRules = (
			);
			dependencies = (
				484B6A8825489AE200174F4D /* PBXTargetDependency */,
			);
			name = MyAirQualityTests;
			productName = MyAirQualityTests;
			productReference = 484B6A8625489AE200174F4D /* MyAirQualityTests.xctest */;
			productType = "com.apple.product-type.bundle.unit-test";
		};
		484B6A9025489AE200174F4D /* MyAirQualityUITests */ = {
			isa = PBXNativeTarget;
			buildConfigurationList = 484B6AA025489AE200174F4D /* Build configuration list for PBXNativeTarget "MyAirQualityUITests" */;
			buildPhases = (
				484B6A8D25489AE200174F4D /* Sources */,
				484B6A8E25489AE200174F4D /* Frameworks */,
				484B6A8F25489AE200174F4D /* Resources */,
			);
			buildRules = (
			);
			dependencies = (
				484B6A9325489AE200174F4D /* PBXTargetDependency */,
			);
			name = MyAirQualityUITests;
			productName = MyAirQualityUITests;
			productReference = 484B6A9125489AE200174F4D /* MyAirQualityUITests.xctest */;
			productType = "com.apple.product-type.bundle.ui-testing";
		};
/* End PBXNativeTarget section */

/* Begin PBXProject section */
		484B6A6D25489AE200174F4D /* Project object */ = {
			isa = PBXProject;
			attributes = {
				LastSwiftUpdateCheck = 1210;
				LastUpgradeCheck = 1210;
				TargetAttributes = {
					484B6A7425489AE200174F4D = {
						CreatedOnToolsVersion = 12.1;
					};
					484B6A8525489AE200174F4D = {
						CreatedOnToolsVersion = 12.1;
						TestTargetID = 484B6A7425489AE200174F4D;
					};
					484B6A9025489AE200174F4D = {
						CreatedOnToolsVersion = 12.1;
						TestTargetID = 484B6A7425489AE200174F4D;
					};
				};
			};
			buildConfigurationList = 484B6A7025489AE200174F4D /* Build configuration list for PBXProject "MyAirQuality" */;
			compatibilityVersion = "Xcode 9.3";
			developmentRegion = en;
			hasScannedForEncodings = 0;
			knownRegions = (
				en,
				Base,
			);
			mainGroup = 484B6A6C25489AE200174F4D;
			productRefGroup = 484B6A7625489AE200174F4D /* Products */;
			projectDirPath = "";
			projectRoot = "";
			targets = (
				484B6A7425489AE200174F4D /* MyAirQuality */,
				484B6A8525489AE200174F4D /* MyAirQualityTests */,
				484B6A9025489AE200174F4D /* MyAirQualityUITests */,
			);
		};
/* End PBXProject section */

/* Begin PBXResourcesBuildPhase section */
		484B6A7325489AE200174F4D /* Resources */ = {
			isa = PBXResourcesBuildPhase;
			buildActionMask = 2147483647;
			files = (
				484B6A8025489AE200174F4D /* Preview Assets.xcassets in Resources */,
				484B6A7D25489AE200174F4D /* Assets.xcassets in Resources */,
			);
			runOnlyForDeploymentPostprocessing = 0;
		};
		484B6A8425489AE200174F4D /* Resources */ = {
			isa = PBXResourcesBuildPhase;
			buildActionMask = 2147483647;
			files = (
			);
			runOnlyForDeploymentPostprocessing = 0;
		};
		484B6A8F25489AE200174F4D /* Resources */ = {
			isa = PBXResourcesBuildPhase;
			buildActionMask = 2147483647;
			files = (
			);
			runOnlyForDeploymentPostprocessing = 0;
		};
/* End PBXResourcesBuildPhase section */

/* Begin PBXSourcesBuildPhase section */
		484B6A7125489AE200174F4D /* Sources */ = {
			isa = PBXSourcesBuildPhase;
			buildActionMask = 2147483647;
			files = (
				484B6A7B25489AE200174F4D /* ContentView.swift in Sources */,
				484B6A7925489AE200174F4D /* MyAirQualityApp.swift in Sources */,
			);
			runOnlyForDeploymentPostprocessing = 0;
		};
		484B6A8225489AE200174F4D /* Sources */ = {
			isa = PBXSourcesBuildPhase;
			buildActionMask = 2147483647;
			files = (
				484B6A8B25489AE200174F4D /* MyAirQualityTests.swift in Sources */,
			);
			runOnlyForDeploymentPostprocessing = 0;
		};
		484B6A8D25489AE200174F4D /* Sources */ = {
			isa = PBXSourcesBuildPhase;
			buildActionMask = 2147483647;
			files = (
				484B6A9625489AE200174F4D /* MyAirQualityUITests.swift in Sources */,
			);
			runOnlyForDeploymentPostprocessing = 0;
		};
/* End PBXSourcesBuildPhase section */

/* Begin PBXTargetDependency section */
		484B6A8825489AE200174F4D /* PBXTargetDependency */ = {
			isa = PBXTargetDependency;
			target = 484B6A7425489AE200174F4D /* MyAirQuality */;
			targetProxy = 484B6A8725489AE200174F4D /* PBXContainerItemProxy */;
		};
		484B6A9325489AE200174F4D /* PBXTargetDependency */ = {
			isa = PBXTargetDependency;
			target = 484B6A7425489AE200174F4D /* MyAirQuality */;
			targetProxy = 484B6A9225489AE200174F4D /* PBXContainerItemProxy */;
		};
/* End PBXTargetDependency section */

/* Begin XCBuildConfiguration section */
		484B6A9825489AE200174F4D /* Debug */ = {
			isa = XCBuildConfiguration;
			buildSettings = {
				ALWAYS_SEARCH_USER_PATHS = NO;
				CLANG_ANALYZER_NONNULL = YES;
				CLANG_ANALYZER_NUMBER_OBJECT_CONVERSION = YES_AGGRESSIVE;
				CLANG_CXX_LANGUAGE_STANDARD = "gnu++14";
				CLANG_CXX_LIBRARY = "libc++";
				CLANG_ENABLE_MODULES = YES;
				CLANG_ENABLE_OBJC_ARC = YES;
				CLANG_ENABLE_OBJC_WEAK = YES;
				CLANG_WARN_BLOCK_CAPTURE_AUTORELEASING = YES;
				CLANG_WARN_BOOL_CONVERSION = YES;
				CLANG_WARN_COMMA = YES;
				CLANG_WARN_CONSTANT_CONVERSION = YES;
				CLANG_WARN_DEPRECATED_OBJC_IMPLEMENTATIONS = YES;
				CLANG_WARN_DIRECT_OBJC_ISA_USAGE = YES_ERROR;
				CLANG_WARN_DOCUMENTATION_COMMENTS = YES;
				CLANG_WARN_EMPTY_BODY = YES;
				CLANG_WARN_ENUM_CONVERSION = YES;
				CLANG_WARN_INFINITE_RECURSION = YES;
				CLANG_WARN_INT_CONVERSION = YES;
				CLANG_WARN_NON_LITERAL_NULL_CONVERSION = YES;
				CLANG_WARN_OBJC_IMPLICIT_RETAIN_SELF = YES;
				CLANG_WARN_OBJC_LITERAL_CONVERSION = YES;
				CLANG_WARN_OBJC_ROOT_CLASS = YES_ERROR;
				CLANG_WARN_QUOTED_INCLUDE_IN_FRAMEWORK_HEADER = YES;
				CLANG_WARN_RANGE_LOOP_ANALYSIS = YES;
				CLANG_WARN_STRICT_PROTOTYPES = YES;
				CLANG_WARN_SUSPICIOUS_MOVE = YES;
				CLANG_WARN_UNGUARDED_AVAILABILITY = YES_AGGRESSIVE;
				CLANG_WARN_UNREACHABLE_CODE = YES;
				CLANG_WARN__DUPLICATE_METHOD_MATCH = YES;
				COPY_PHASE_STRIP = NO;
				DEBUG_INFORMATION_FORMAT = dwarf;
				ENABLE_STRICT_OBJC_MSGSEND = YES;
				ENABLE_TESTABILITY = YES;
				GCC_C_LANGUAGE_STANDARD = gnu11;
				GCC_DYNAMIC_NO_PIC = NO;
				GCC_NO_COMMON_BLOCKS = YES;
				GCC_OPTIMIZATION_LEVEL = 0;
				GCC_PREPROCESSOR_DEFINITIONS = (
					"DEBUG=1",
					"$(inherited)",
				);
				GCC_WARN_64_TO_32_BIT_CONVERSION = YES;
				GCC_WARN_ABOUT_RETURN_TYPE = YES_ERROR;
				GCC_WARN_UNDECLARED_SELECTOR = YES;
				GCC_WARN_UNINITIALIZED_AUTOS = YES_AGGRESSIVE;
				GCC_WARN_UNUSED_FUNCTION = YES;
				GCC_WARN_UNUSED_VARIABLE = YES;
				IPHONEOS_DEPLOYMENT_TARGET = 14.1;
				MTL_ENABLE_DEBUG_INFO = INCLUDE_SOURCE;
				MTL_FAST_MATH = YES;
				ONLY_ACTIVE_ARCH = YES;
				SDKROOT = iphoneos;
				SWIFT_ACTIVE_COMPILATION_CONDITIONS = DEBUG;
				SWIFT_OPTIMIZATION_LEVEL = "-Onone";
			};
			name = Debug;
		};
		484B6A9925489AE200174F4D /* Release */ = {
			isa = XCBuildConfiguration;
			buildSettings = {
				ALWAYS_SEARCH_USER_PATHS = NO;
				CLANG_ANALYZER_NONNULL = YES;
				CLANG_ANALYZER_NUMBER_OBJECT_CONVERSION = YES_AGGRESSIVE;
				CLANG_CXX_LANGUAGE_STANDARD = "gnu++14";
				CLANG_CXX_LIBRARY = "libc++";
				CLANG_ENABLE_MODULES = YES;
				CLANG_ENABLE_OBJC_ARC = YES;
				CLANG_ENABLE_OBJC_WEAK = YES;
				CLANG_WARN_BLOCK_CAPTURE_AUTORELEASING = YES;
				CLANG_WARN_BOOL_CONVERSION = YES;
				CLANG_WARN_COMMA = YES;
				CLANG_WARN_CONSTANT_CONVERSION = YES;
				CLANG_WARN_DEPRECATED_OBJC_IMPLEMENTATIONS = YES;
				CLANG_WARN_DIRECT_OBJC_ISA_USAGE = YES_ERROR;
				CLANG_WARN_DOCUMENTATION_COMMENTS = YES;
				CLANG_WARN_EMPTY_BODY = YES;
				CLANG_WARN_ENUM_CONVERSION = YES;
				CLANG_WARN_INFINITE_RECURSION = YES;
				CLANG_WARN_INT_CONVERSION = YES;
				CLANG_WARN_NON_LITERAL_NULL_CONVERSION = YES;
				CLANG_WARN_OBJC_IMPLICIT_RETAIN_SELF = YES;
				CLANG_WARN_OBJC_LITERAL_CONVERSION = YES;
				CLANG_WARN_OBJC_ROOT_CLASS = YES_ERROR;
				CLANG_WARN_QUOTED_INCLUDE_IN_FRAMEWORK_HEADER = YES;
				CLANG_WARN_RANGE_LOOP_ANALYSIS = YES;
				CLANG_WARN_STRICT_PROTOTYPES = YES;
				CLANG_WARN_SUSPICIOUS_MOVE = YES;
				CLANG_WARN_UNGUARDED_AVAILABILITY = YES_AGGRESSIVE;
				CLANG_WARN_UNREACHABLE_CODE = YES;
				CLANG_WARN__DUPLICATE_METHOD_MATCH = YES;
				COPY_PHASE_STRIP = NO;
				DEBUG_INFORMATION_FORMAT = "dwarf-with-dsym";
				ENABLE_NS_ASSERTIONS = NO;
				ENABLE_STRICT_OBJC_MSGSEND = YES;
				GCC_C_LANGUAGE_STANDARD = gnu11;
				GCC_NO_COMMON_BLOCKS = YES;
				GCC_WARN_64_TO_32_BIT_CONVERSION = YES;
				GCC_WARN_ABOUT_RETURN_TYPE = YES_ERROR;
				GCC_WARN_UNDECLARED_SELECTOR = YES;
				GCC_WARN_UNINITIALIZED_AUTOS = YES_AGGRESSIVE;
				GCC_WARN_UNUSED_FUNCTION = YES;
				GCC_WARN_UNUSED_VARIABLE = YES;
				IPHONEOS_DEPLOYMENT_TARGET = 14.1;
				MTL_ENABLE_DEBUG_INFO = NO;
				MTL_FAST_MATH = YES;
				SDKROOT = iphoneos;
				SWIFT_COMPILATION_MODE = wholemodule;
				SWIFT_OPTIMIZATION_LEVEL = "-O";
				VALIDATE_PRODUCT = YES;
			};
			name = Release;
		};
		484B6A9B25489AE200174F4D /* Debug */ = {
			isa = XCBuildConfiguration;
			buildSettings = {
				ASSETCATALOG_COMPILER_APPICON_NAME = AppIcon;
				ASSETCATALOG_COMPILER_GLOBAL_ACCENT_COLOR_NAME = AccentColor;
				CODE_SIGN_STYLE = Automatic;
				DEVELOPMENT_ASSET_PATHS = "\"MyAirQuality/Preview Content\"";
				DEVELOPMENT_TEAM = 542B5646HG;
				ENABLE_PREVIEWS = YES;
				INFOPLIST_FILE = MyAirQuality/Info.plist;
				IPHONEOS_DEPLOYMENT_TARGET = 14.0;
				LD_RUNPATH_SEARCH_PATHS = (
					"$(inherited)",
					"@executable_path/Frameworks",
				);
				PRODUCT_BUNDLE_IDENTIFIER = app.bennettsmith.MyAirQuality;
				PRODUCT_NAME = "$(TARGET_NAME)";
				SWIFT_VERSION = 5.0;
				TARGETED_DEVICE_FAMILY = "1,2";
			};
			name = Debug;
		};
		484B6A9C25489AE200174F4D /* Release */ = {
			isa = XCBuildConfiguration;
			buildSettings = {
				ASSETCATALOG_COMPILER_APPICON_NAME = AppIcon;
				ASSETCATALOG_COMPILER_GLOBAL_ACCENT_COLOR_NAME = AccentColor;
				CODE_SIGN_STYLE = Automatic;
				DEVELOPMENT_ASSET_PATHS = "\"MyAirQuality/Preview Content\"";
				DEVELOPMENT_TEAM = 542B5646HG;
				ENABLE_PREVIEWS = YES;
				INFOPLIST_FILE = MyAirQuality/Info.plist;
				IPHONEOS_DEPLOYMENT_TARGET = 14.0;
				LD_RUNPATH_SEARCH_PATHS = (
					"$(inherited)",
					"@executable_path/Frameworks",
				);
				PRODUCT_BUNDLE_IDENTIFIER = app.bennettsmith.MyAirQuality;
				PRODUCT_NAME = "$(TARGET_NAME)";
				SWIFT_VERSION = 5.0;
				TARGETED_DEVICE_FAMILY = "1,2";
			};
			name = Release;
		};
		484B6A9E25489AE200174F4D /* Debug */ = {
			isa = XCBuildConfiguration;
			buildSettings = {
				ALWAYS_EMBED_SWIFT_STANDARD_LIBRARIES = YES;
				BUNDLE_LOADER = "$(TEST_HOST)";
				CODE_SIGN_STYLE = Automatic;
				DEVELOPMENT_TEAM = 542B5646HG;
				INFOPLIST_FILE = MyAirQualityTests/Info.plist;
				IPHONEOS_DEPLOYMENT_TARGET = 14.0;
				LD_RUNPATH_SEARCH_PATHS = (
					"$(inherited)",
					"@executable_path/Frameworks",
					"@loader_path/Frameworks",
				);
				PRODUCT_BUNDLE_IDENTIFIER = app.bennettsmith.MyAirQualityTests;
				PRODUCT_NAME = "$(TARGET_NAME)";
				SWIFT_VERSION = 5.0;
				TARGETED_DEVICE_FAMILY = "1,2";
				TEST_HOST = "$(BUILT_PRODUCTS_DIR)/MyAirQuality.app/MyAirQuality";
			};
			name = Debug;
		};
		484B6A9F25489AE200174F4D /* Release */ = {
			isa = XCBuildConfiguration;
			buildSettings = {
				ALWAYS_EMBED_SWIFT_STANDARD_LIBRARIES = YES;
				BUNDLE_LOADER = "$(TEST_HOST)";
				CODE_SIGN_STYLE = Automatic;
				DEVELOPMENT_TEAM = 542B5646HG;
				INFOPLIST_FILE = MyAirQualityTests/Info.plist;
				IPHONEOS_DEPLOYMENT_TARGET = 14.0;
				LD_RUNPATH_SEARCH_PATHS = (
					"$(inherited)",
					"@executable_path/Frameworks",
					"@loader_path/Frameworks",
				);
				PRODUCT_BUNDLE_IDENTIFIER = app.bennettsmith.MyAirQualityTests;
				PRODUCT_NAME = "$(TARGET_NAME)";
				SWIFT_VERSION = 5.0;
				TARGETED_DEVICE_FAMILY = "1,2";
				TEST_HOST = "$(BUILT_PRODUCTS_DIR)/MyAirQuality.app/MyAirQuality";
			};
			name = Release;
		};
		484B6AA125489AE200174F4D /* Debug */ = {
			isa = XCBuildConfiguration;
			buildSettings = {
				ALWAYS_EMBED_SWIFT_STANDARD_LIBRARIES = YES;
				CODE_SIGN_STYLE = Automatic;
				DEVELOPMENT_TEAM = 542B5646HG;
				INFOPLIST_FILE = MyAirQualityUITests/Info.plist;
				LD_RUNPATH_SEARCH_PATHS = (
					"$(inherited)",
					"@executable_path/Frameworks",
					"@loader_path/Frameworks",
				);
				PRODUCT_BUNDLE_IDENTIFIER = app.bennettsmith.MyAirQualityUITests;
				PRODUCT_NAME = "$(TARGET_NAME)";
				SWIFT_VERSION = 5.0;
				TARGETED_DEVICE_FAMILY = "1,2";
				TEST_TARGET_NAME = MyAirQuality;
			};
			name = Debug;
		};
		484B6AA225489AE200174F4D /* Release */ = {
			isa = XCBuildConfiguration;
			buildSettings = {
				ALWAYS_EMBED_SWIFT_STANDARD_LIBRARIES = YES;
				CODE_SIGN_STYLE = Automatic;
				DEVELOPMENT_TEAM = 542B5646HG;
				INFOPLIST_FILE = MyAirQualityUITests/Info.plist;
				LD_RUNPATH_SEARCH_PATHS = (
					"$(inherited)",
					"@executable_path/Frameworks",
					"@loader_path/Frameworks",
				);
				PRODUCT_BUNDLE_IDENTIFIER = app.bennettsmith.MyAirQualityUITests;
				PRODUCT_NAME = "$(TARGET_NAME)";
				SWIFT_VERSION = 5.0;
				TARGETED_DEVICE_FAMILY = "1,2";
				TEST_TARGET_NAME = MyAirQuality;
			};
			name = Release;
		};
/* End XCBuildConfiguration section */

/* Begin XCConfigurationList section */
		484B6A7025489AE200174F4D /* Build configuration list for PBXProject "MyAirQuality" */ = {
			isa = XCConfigurationList;
			buildConfigurations = (
				484B6A9825489AE200174F4D /* Debug */,
				484B6A9925489AE200174F4D /* Release */,
			);
			defaultConfigurationIsVisible = 0;
			defaultConfigurationName = Release;
		};
		484B6A9A25489AE200174F4D /* Build configuration list for PBXNativeTarget "MyAirQuality" */ = {
			isa = XCConfigurationList;
			buildConfigurations = (
				484B6A9B25489AE200174F4D /* Debug */,
				484B6A9C25489AE200174F4D /* Release */,
			);
			defaultConfigurationIsVisible = 0;
			defaultConfigurationName = Release;
		};
		484B6A9D25489AE200174F4D /* Build configuration list for PBXNativeTarget "MyAirQualityTests" */ = {
			isa = XCConfigurationList;
			buildConfigurations = (
				484B6A9E25489AE200174F4D /* Debug */,
				484B6A9F25489AE200174F4D /* Release */,
			);
			defaultConfigurationIsVisible = 0;
			defaultConfigurationName = Release;
		};
		484B6AA025489AE200174F4D /* Build configuration list for PBXNativeTarget "MyAirQualityUITests" */ = {
			isa = XCConfigurationList;
			buildConfigurations = (
				484B6AA125489AE200174F4D /* Debug */,
				484B6AA225489AE200174F4D /* Release */,
			);
			defaultConfigurationIsVisible = 0;
			defaultConfigurationName = Release;
		};
/* End XCConfigurationList section */
	};
	rootObject = 484B6A6D25489AE200174F4D /* Project object */;
}
